
Microsoft Visual Studio Solution File, Format Version 12.00
# Visual Studio Version 17
VisualStudioVersion = 17.4.33213.308
MinimumVisualStudioVersion = 10.0.40219.1
Project("{FAE04EC0-301F-11D3-BF4B-00C04F79EFBC}") = "Exercise", "Exercise\Exercise.csproj", "{2CEE5A53-99E0-489E-9FD2-D4547A03239C}"
EndProject
Global
	GlobalSection(SolutionConfigurationPlatforms) = preSolution
		Debug|Any CPU = Debug|Any CPU
		Release|Any CPU = Release|Any CPU
	EndGlobalSection
	GlobalSection(ProjectConfigurationPlatforms) = postSolution
		{2CEE5A53-99E0-489E-9FD2-D4547A03239C}.Debug|Any CPU.ActiveCfg = Debug|Any CPU
		{2CEE5A53-99E0-489E-9FD2-D4547A03239C}.Debug|Any CPU.Build.0 = Debug|Any CPU
		{2CEE5A53-99E0-489E-9FD2-D4547A03239C}.Release|Any CPU.ActiveCfg = Release|Any CPU
		{2CEE5A53-99E0-489E-9FD2-D4547A03239C}.Release|Any CPU.Build.0 = Release|Any CPU
	EndGlobalSection
	GlobalSection(SolutionProperties) = preSolution
		HideSolutionNode = FALSE
	EndGlobalSection
	GlobalSection(ExtensibilityGlobals) = postSolution
		SolutionGuid = {63B6243C-A059-4D6B-8EC2-A7E7AA6C8378}
	EndGlobalSection
EndGlobal
