
Microsoft Visual Studio Solution File, Format Version 12.00
# Visual Studio Version 17
VisualStudioVersion = 17.4.33213.308
MinimumVisualStudioVersion = 10.0.40219.1
Project("{FAE04EC0-301F-11D3-BF4B-00C04F79EFBC}") = "TodoApi", "TodoApi\TodoApi.csproj", "{4E9E7B79-383F-47BE-A421-C1ED765020A4}"
EndProject
Global
	GlobalSection(SolutionConfigurationPlatforms) = preSolution
		Debug|Any CPU = Debug|Any CPU
		Release|Any CPU = Release|Any CPU
	EndGlobalSection
	GlobalSection(ProjectConfigurationPlatforms) = postSolution
		{4E9E7B79-383F-47BE-A421-C1ED765020A4}.Debug|Any CPU.ActiveCfg = Debug|Any CPU
		{4E9E7B79-383F-47BE-A421-C1ED765020A4}.Debug|Any CPU.Build.0 = Debug|Any CPU
		{4E9E7B79-383F-47BE-A421-C1ED765020A4}.Release|Any CPU.ActiveCfg = Release|Any CPU
		{4E9E7B79-383F-47BE-A421-C1ED765020A4}.Release|Any CPU.Build.0 = Release|Any CPU
	EndGlobalSection
	GlobalSection(SolutionProperties) = preSolution
		HideSolutionNode = FALSE
	EndGlobalSection
	GlobalSection(ExtensibilityGlobals) = postSolution
		SolutionGuid = {4549F3C2-DB66-491E-9427-5CA602B91859}
	EndGlobalSection
EndGlobal
